// !$*UTF8*$!
{
	archiveVersion = 1;
	classes = {
	};
	objectVersion = 48;
	objects = {

/* Begin PBXBuildFile section */
		1C806A382145B457002AC0B1 /* iosMath.framework in Frameworks */ = {isa = PBXBuildFile; fileRef = 1C806A392145B457002AC0B1 /* iosMath.framework */; };
		28028289212F7EE600D588D0 /* Game.swift in Sources */ = {isa = PBXBuildFile; fileRef = 28028288212F7EE600D588D0 /* Game.swift */; };
		2804532621444E6B009E4AB7 /* Question.swift in Sources */ = {isa = PBXBuildFile; fileRef = 2804532521444E6B009E4AB7 /* Question.swift */; };
		280453282144523B009E4AB7 /* CongratsViewController.swift in Sources */ = {isa = PBXBuildFile; fileRef = 280453272144523B009E4AB7 /* CongratsViewController.swift */; };
		280B28C421534D970017F1FC /* QuestionViewController.swift in Sources */ = {isa = PBXBuildFile; fileRef = 280B28C321534D970017F1FC /* QuestionViewController.swift */; };
		28167AAC212E366100EE65FE /* QuestionPool.swift in Sources */ = {isa = PBXBuildFile; fileRef = 28167AAB212E366100EE65FE /* QuestionPool.swift */; };
		28167AB0212E3B3C00EE65FE /* Topic.swift in Sources */ = {isa = PBXBuildFile; fileRef = 28167AAF212E3B3C00EE65FE /* Topic.swift */; };
		2874DE70210BFC7200CD8D25 /* AppDelegate.swift in Sources */ = {isa = PBXBuildFile; fileRef = 2874DE6F210BFC7200CD8D25 /* AppDelegate.swift */; };
		2874DE72210BFC7200CD8D25 /* ViewController.swift in Sources */ = {isa = PBXBuildFile; fileRef = 2874DE71210BFC7200CD8D25 /* ViewController.swift */; };
		2874DE75210BFC7200CD8D25 /* Main.storyboard in Resources */ = {isa = PBXBuildFile; fileRef = 2874DE73210BFC7200CD8D25 /* Main.storyboard */; };
		2874DE77210BFC7200CD8D25 /* Assets.xcassets in Resources */ = {isa = PBXBuildFile; fileRef = 2874DE76210BFC7200CD8D25 /* Assets.xcassets */; };
		2874DE7A210BFC7200CD8D25 /* LaunchScreen.storyboard in Resources */ = {isa = PBXBuildFile; fileRef = 2874DE78210BFC7200CD8D25 /* LaunchScreen.storyboard */; };
		2874DE85210BFC7200CD8D25 /* CharitoTests.swift in Sources */ = {isa = PBXBuildFile; fileRef = 2874DE84210BFC7200CD8D25 /* CharitoTests.swift */; };
		2874DE90210BFC7200CD8D25 /* CharitoUITests.swift in Sources */ = {isa = PBXBuildFile; fileRef = 2874DE8F210BFC7200CD8D25 /* CharitoUITests.swift */; };
		32FAE2AA7A13678E4C67E280 /* Pods_Charito.framework in Frameworks */ = {isa = PBXBuildFile; fileRef = 0C046AEA67ED177FB539B003 /* Pods_Charito.framework */; };
		602F0F57214F08E3009EB7F9 /* TopicViewController.swift in Sources */ = {isa = PBXBuildFile; fileRef = 602F0F56214F08E3009EB7F9 /* TopicViewController.swift */; };
		8377E28921569317007C659E /* Charity.swift in Sources */ = {isa = PBXBuildFile; fileRef = 8377E28821569317007C659E /* Charity.swift */; };
/* End PBXBuildFile section */

/* Begin PBXContainerItemProxy section */
		2874DE81210BFC7200CD8D25 /* PBXContainerItemProxy */ = {
			isa = PBXContainerItemProxy;
			containerPortal = 2874DE64210BFC7200CD8D25 /* Project object */;
			proxyType = 1;
			remoteGlobalIDString = 2874DE6B210BFC7200CD8D25;
			remoteInfo = Charito;
		};
		2874DE8C210BFC7200CD8D25 /* PBXContainerItemProxy */ = {
			isa = PBXContainerItemProxy;
			containerPortal = 2874DE64210BFC7200CD8D25 /* Project object */;
			proxyType = 1;
			remoteGlobalIDString = 2874DE6B210BFC7200CD8D25;
			remoteInfo = Charito;
		};
/* End PBXContainerItemProxy section */

/* Begin PBXFileReference section */
		0C046AEA67ED177FB539B003 /* Pods_Charito.framework */ = {isa = PBXFileReference; explicitFileType = wrapper.framework; includeInIndex = 0; path = Pods_Charito.framework; sourceTree = BUILT_PRODUCTS_DIR; };
		1C806A35214587D1002AC0B1 /* iosMath.framework */ = {isa = PBXFileReference; explicitFileType = wrapper.framework; path = iosMath.framework; sourceTree = BUILT_PRODUCTS_DIR; };
		1C806A392145B457002AC0B1 /* iosMath.framework */ = {isa = PBXFileReference; explicitFileType = wrapper.framework; path = iosMath.framework; sourceTree = BUILT_PRODUCTS_DIR; };
		28028288212F7EE600D588D0 /* Game.swift */ = {isa = PBXFileReference; lastKnownFileType = sourcecode.swift; path = Game.swift; sourceTree = "<group>"; };
		2804532521444E6B009E4AB7 /* Question.swift */ = {isa = PBXFileReference; lastKnownFileType = sourcecode.swift; path = Question.swift; sourceTree = "<group>"; };
		280453272144523B009E4AB7 /* CongratsViewController.swift */ = {isa = PBXFileReference; fileEncoding = 4; lastKnownFileType = sourcecode.swift; path = CongratsViewController.swift; sourceTree = "<group>"; };
		280B28C321534D970017F1FC /* QuestionViewController.swift */ = {isa = PBXFileReference; lastKnownFileType = sourcecode.swift; path = QuestionViewController.swift; sourceTree = "<group>"; };
		28167AAB212E366100EE65FE /* QuestionPool.swift */ = {isa = PBXFileReference; lastKnownFileType = sourcecode.swift; path = QuestionPool.swift; sourceTree = "<group>"; };
		28167AAF212E3B3C00EE65FE /* Topic.swift */ = {isa = PBXFileReference; lastKnownFileType = sourcecode.swift; path = Topic.swift; sourceTree = "<group>"; };
		2874DE6C210BFC7200CD8D25 /* Charito.app */ = {isa = PBXFileReference; explicitFileType = wrapper.application; includeInIndex = 0; path = Charito.app; sourceTree = BUILT_PRODUCTS_DIR; };
		2874DE6F210BFC7200CD8D25 /* AppDelegate.swift */ = {isa = PBXFileReference; lastKnownFileType = sourcecode.swift; path = AppDelegate.swift; sourceTree = "<group>"; };
		2874DE71210BFC7200CD8D25 /* ViewController.swift */ = {isa = PBXFileReference; lastKnownFileType = sourcecode.swift; path = ViewController.swift; sourceTree = "<group>"; };
		2874DE74210BFC7200CD8D25 /* Base */ = {isa = PBXFileReference; lastKnownFileType = file.storyboard; name = Base; path = Base.lproj/Main.storyboard; sourceTree = "<group>"; };
		2874DE76210BFC7200CD8D25 /* Assets.xcassets */ = {isa = PBXFileReference; lastKnownFileType = folder.assetcatalog; path = Assets.xcassets; sourceTree = "<group>"; };
		2874DE79210BFC7200CD8D25 /* Base */ = {isa = PBXFileReference; lastKnownFileType = file.storyboard; name = Base; path = Base.lproj/LaunchScreen.storyboard; sourceTree = "<group>"; };
		2874DE7B210BFC7200CD8D25 /* Info.plist */ = {isa = PBXFileReference; lastKnownFileType = text.plist.xml; path = Info.plist; sourceTree = "<group>"; };
		2874DE80210BFC7200CD8D25 /* CharitoTests.xctest */ = {isa = PBXFileReference; explicitFileType = wrapper.cfbundle; includeInIndex = 0; path = CharitoTests.xctest; sourceTree = BUILT_PRODUCTS_DIR; };
		2874DE84210BFC7200CD8D25 /* CharitoTests.swift */ = {isa = PBXFileReference; lastKnownFileType = sourcecode.swift; path = CharitoTests.swift; sourceTree = "<group>"; };
		2874DE86210BFC7200CD8D25 /* Info.plist */ = {isa = PBXFileReference; lastKnownFileType = text.plist.xml; path = Info.plist; sourceTree = "<group>"; };
		2874DE8B210BFC7200CD8D25 /* CharitoUITests.xctest */ = {isa = PBXFileReference; explicitFileType = wrapper.cfbundle; includeInIndex = 0; path = CharitoUITests.xctest; sourceTree = BUILT_PRODUCTS_DIR; };
		2874DE8F210BFC7200CD8D25 /* CharitoUITests.swift */ = {isa = PBXFileReference; lastKnownFileType = sourcecode.swift; path = CharitoUITests.swift; sourceTree = "<group>"; };
		2874DE91210BFC7200CD8D25 /* Info.plist */ = {isa = PBXFileReference; lastKnownFileType = text.plist.xml; path = Info.plist; sourceTree = "<group>"; };
		5F879649A256DD53867F21F9 /* Pods-Charito.release.xcconfig */ = {isa = PBXFileReference; includeInIndex = 1; lastKnownFileType = text.xcconfig; name = "Pods-Charito.release.xcconfig"; path = "Pods/Target Support Files/Pods-Charito/Pods-Charito.release.xcconfig"; sourceTree = "<group>"; };
		602F0F56214F08E3009EB7F9 /* TopicViewController.swift */ = {isa = PBXFileReference; lastKnownFileType = sourcecode.swift; path = TopicViewController.swift; sourceTree = "<group>"; };
		7F202B95B0212BD776B1C0A4 /* Pods-Charito.debug.xcconfig */ = {isa = PBXFileReference; includeInIndex = 1; lastKnownFileType = text.xcconfig; name = "Pods-Charito.debug.xcconfig"; path = "Pods/Target Support Files/Pods-Charito/Pods-Charito.debug.xcconfig"; sourceTree = "<group>"; };
		8377E28821569317007C659E /* Charity.swift */ = {isa = PBXFileReference; lastKnownFileType = sourcecode.swift; path = Charity.swift; sourceTree = "<group>"; };
/* End PBXFileReference section */

/* Begin PBXFrameworksBuildPhase section */
		2874DE69210BFC7200CD8D25 /* Frameworks */ = {
			isa = PBXFrameworksBuildPhase;
			buildActionMask = 2147483647;
			files = (
				1C806A382145B457002AC0B1 /* iosMath.framework in Frameworks */,
				32FAE2AA7A13678E4C67E280 /* Pods_Charito.framework in Frameworks */,
			);
			runOnlyForDeploymentPostprocessing = 0;
		};
		2874DE7D210BFC7200CD8D25 /* Frameworks */ = {
			isa = PBXFrameworksBuildPhase;
			buildActionMask = 2147483647;
			files = (
			);
			runOnlyForDeploymentPostprocessing = 0;
		};
		2874DE88210BFC7200CD8D25 /* Frameworks */ = {
			isa = PBXFrameworksBuildPhase;
			buildActionMask = 2147483647;
			files = (
			);
			runOnlyForDeploymentPostprocessing = 0;
		};
/* End PBXFrameworksBuildPhase section */

/* Begin PBXGroup section */
		2874DE63210BFC7200CD8D25 = {
			isa = PBXGroup;
			children = (
				2874DE6E210BFC7200CD8D25 /* Charito */,
				2874DE83210BFC7200CD8D25 /* CharitoTests */,
				2874DE8E210BFC7200CD8D25 /* CharitoUITests */,
				2874DE6D210BFC7200CD8D25 /* Products */,
				83581B5C212E3E940045906A /* Frameworks */,
				B079776ED522D839DCA3E102 /* Pods */,
			);
			sourceTree = "<group>";
		};
		2874DE6D210BFC7200CD8D25 /* Products */ = {
			isa = PBXGroup;
			children = (
				2874DE6C210BFC7200CD8D25 /* Charito.app */,
				2874DE80210BFC7200CD8D25 /* CharitoTests.xctest */,
				2874DE8B210BFC7200CD8D25 /* CharitoUITests.xctest */,
			);
			name = Products;
			sourceTree = "<group>";
		};
		2874DE6E210BFC7200CD8D25 /* Charito */ = {
			isa = PBXGroup;
			children = (
				280B28C321534D970017F1FC /* QuestionViewController.swift */,
				280453272144523B009E4AB7 /* CongratsViewController.swift */,
				2874DE6F210BFC7200CD8D25 /* AppDelegate.swift */,
				2874DE71210BFC7200CD8D25 /* ViewController.swift */,
				2874DE76210BFC7200CD8D25 /* Assets.xcassets */,
				2874DE73210BFC7200CD8D25 /* Main.storyboard */,
				602F0F56214F08E3009EB7F9 /* TopicViewController.swift */,
				2874DE78210BFC7200CD8D25 /* LaunchScreen.storyboard */,
				2874DE7B210BFC7200CD8D25 /* Info.plist */,
				28167AAB212E366100EE65FE /* QuestionPool.swift */,
				2804532521444E6B009E4AB7 /* Question.swift */,
				28167AAF212E3B3C00EE65FE /* Topic.swift */,
				28028288212F7EE600D588D0 /* Game.swift */,
				8377E28821569317007C659E /* Charity.swift */,
			);
			path = Charito;
			sourceTree = "<group>";
		};
		2874DE83210BFC7200CD8D25 /* CharitoTests */ = {
			isa = PBXGroup;
			children = (
				2874DE84210BFC7200CD8D25 /* CharitoTests.swift */,
				2874DE86210BFC7200CD8D25 /* Info.plist */,
			);
			path = CharitoTests;
			sourceTree = "<group>";
		};
		2874DE8E210BFC7200CD8D25 /* CharitoUITests */ = {
			isa = PBXGroup;
			children = (
				2874DE8F210BFC7200CD8D25 /* CharitoUITests.swift */,
				2874DE91210BFC7200CD8D25 /* Info.plist */,
			);
			path = CharitoUITests;
			sourceTree = "<group>";
		};
		83581B5C212E3E940045906A /* Frameworks */ = {
			isa = PBXGroup;
			children = (
				0C046AEA67ED177FB539B003 /* Pods_Charito.framework */,
				1C806A392145B457002AC0B1 /* iosMath.framework */,
				1C806A35214587D1002AC0B1 /* iosMath.framework */,
			);
			name = Frameworks;
			sourceTree = "<group>";
		};
		B079776ED522D839DCA3E102 /* Pods */ = {
			isa = PBXGroup;
			children = (
				7F202B95B0212BD776B1C0A4 /* Pods-Charito.debug.xcconfig */,
				5F879649A256DD53867F21F9 /* Pods-Charito.release.xcconfig */,
			);
			name = Pods;
			sourceTree = "<group>";
		};
/* End PBXGroup section */

/* Begin PBXNativeTarget section */
		2874DE6B210BFC7200CD8D25 /* Charito */ = {
			isa = PBXNativeTarget;
			buildConfigurationList = 2874DE94210BFC7200CD8D25 /* Build configuration list for PBXNativeTarget "Charito" */;
			buildPhases = (
				26D8CAFE68B7DE79AFB6D3BA /* [CP] Check Pods Manifest.lock */,
				2874DE68210BFC7200CD8D25 /* Sources */,
				2874DE69210BFC7200CD8D25 /* Frameworks */,
				2874DE6A210BFC7200CD8D25 /* Resources */,
				5AF88976F21BAC090E8792E3 /* [CP] Embed Pods Frameworks */,
			);
			buildRules = (
			);
			dependencies = (
			);
			name = Charito;
			productName = Charito;
			productReference = 2874DE6C210BFC7200CD8D25 /* Charito.app */;
			productType = "com.apple.product-type.application";
		};
		2874DE7F210BFC7200CD8D25 /* CharitoTests */ = {
			isa = PBXNativeTarget;
			buildConfigurationList = 2874DE97210BFC7200CD8D25 /* Build configuration list for PBXNativeTarget "CharitoTests" */;
			buildPhases = (
				2874DE7C210BFC7200CD8D25 /* Sources */,
				2874DE7D210BFC7200CD8D25 /* Frameworks */,
				2874DE7E210BFC7200CD8D25 /* Resources */,
			);
			buildRules = (
			);
			dependencies = (
				2874DE82210BFC7200CD8D25 /* PBXTargetDependency */,
			);
			name = CharitoTests;
			productName = CharitoTests;
			productReference = 2874DE80210BFC7200CD8D25 /* CharitoTests.xctest */;
			productType = "com.apple.product-type.bundle.unit-test";
		};
		2874DE8A210BFC7200CD8D25 /* CharitoUITests */ = {
			isa = PBXNativeTarget;
			buildConfigurationList = 2874DE9A210BFC7200CD8D25 /* Build configuration list for PBXNativeTarget "CharitoUITests" */;
			buildPhases = (
				2874DE87210BFC7200CD8D25 /* Sources */,
				2874DE88210BFC7200CD8D25 /* Frameworks */,
				2874DE89210BFC7200CD8D25 /* Resources */,
			);
			buildRules = (
			);
			dependencies = (
				2874DE8D210BFC7200CD8D25 /* PBXTargetDependency */,
			);
			name = CharitoUITests;
			productName = CharitoUITests;
			productReference = 2874DE8B210BFC7200CD8D25 /* CharitoUITests.xctest */;
			productType = "com.apple.product-type.bundle.ui-testing";
		};
/* End PBXNativeTarget section */

/* Begin PBXProject section */
		2874DE64210BFC7200CD8D25 /* Project object */ = {
			isa = PBXProject;
			attributes = {
				LastSwiftUpdateCheck = 0920;
				LastUpgradeCheck = 0940;
				ORGANIZATIONNAME = Auzia;
				TargetAttributes = {
					2874DE6B210BFC7200CD8D25 = {
						CreatedOnToolsVersion = 9.2;
						ProvisioningStyle = Automatic;
					};
					2874DE7F210BFC7200CD8D25 = {
						CreatedOnToolsVersion = 9.2;
						ProvisioningStyle = Automatic;
						TestTargetID = 2874DE6B210BFC7200CD8D25;
					};
					2874DE8A210BFC7200CD8D25 = {
						CreatedOnToolsVersion = 9.2;
						ProvisioningStyle = Automatic;
						TestTargetID = 2874DE6B210BFC7200CD8D25;
					};
				};
			};
			buildConfigurationList = 2874DE67210BFC7200CD8D25 /* Build configuration list for PBXProject "Charito" */;
			compatibilityVersion = "Xcode 8.0";
			developmentRegion = en;
			hasScannedForEncodings = 0;
			knownRegions = (
				en,
				Base,
			);
			mainGroup = 2874DE63210BFC7200CD8D25;
			productRefGroup = 2874DE6D210BFC7200CD8D25 /* Products */;
			projectDirPath = "";
			projectRoot = "";
			targets = (
				2874DE6B210BFC7200CD8D25 /* Charito */,
				2874DE7F210BFC7200CD8D25 /* CharitoTests */,
				2874DE8A210BFC7200CD8D25 /* CharitoUITests */,
			);
		};
/* End PBXProject section */

/* Begin PBXResourcesBuildPhase section */
		2874DE6A210BFC7200CD8D25 /* Resources */ = {
			isa = PBXResourcesBuildPhase;
			buildActionMask = 2147483647;
			files = (
				2874DE7A210BFC7200CD8D25 /* LaunchScreen.storyboard in Resources */,
				2874DE77210BFC7200CD8D25 /* Assets.xcassets in Resources */,
				2874DE75210BFC7200CD8D25 /* Main.storyboard in Resources */,
			);
			runOnlyForDeploymentPostprocessing = 0;
		};
		2874DE7E210BFC7200CD8D25 /* Resources */ = {
			isa = PBXResourcesBuildPhase;
			buildActionMask = 2147483647;
			files = (
			);
			runOnlyForDeploymentPostprocessing = 0;
		};
		2874DE89210BFC7200CD8D25 /* Resources */ = {
			isa = PBXResourcesBuildPhase;
			buildActionMask = 2147483647;
			files = (
			);
			runOnlyForDeploymentPostprocessing = 0;
		};
/* End PBXResourcesBuildPhase section */

/* Begin PBXShellScriptBuildPhase section */
		26D8CAFE68B7DE79AFB6D3BA /* [CP] Check Pods Manifest.lock */ = {
			isa = PBXShellScriptBuildPhase;
			buildActionMask = 2147483647;
			files = (
			);
			inputPaths = (
				"${PODS_PODFILE_DIR_PATH}/Podfile.lock",
				"${PODS_ROOT}/Manifest.lock",
			);
			name = "[CP] Check Pods Manifest.lock";
			outputPaths = (
				"$(DERIVED_FILE_DIR)/Pods-Charito-checkManifestLockResult.txt",
			);
			runOnlyForDeploymentPostprocessing = 0;
			shellPath = /bin/sh;
			shellScript = "diff \"${PODS_PODFILE_DIR_PATH}/Podfile.lock\" \"${PODS_ROOT}/Manifest.lock\" > /dev/null\nif [ $? != 0 ] ; then\n    # print error to STDERR\n    echo \"error: The sandbox is not in sync with the Podfile.lock. Run 'pod install' or update your CocoaPods installation.\" >&2\n    exit 1\nfi\n# This output is used by Xcode 'outputs' to avoid re-running this script phase.\necho \"SUCCESS\" > \"${SCRIPT_OUTPUT_FILE_0}\"\n";
			showEnvVarsInLog = 0;
		};
		5AF88976F21BAC090E8792E3 /* [CP] Embed Pods Frameworks */ = {
			isa = PBXShellScriptBuildPhase;
			buildActionMask = 2147483647;
			files = (
			);
			inputPaths = (
				"${SRCROOT}/Pods/Target Support Files/Pods-Charito/Pods-Charito-frameworks.sh",
				"${BUILT_PRODUCTS_DIR}/iosMath/iosMath.framework",
			);
			name = "[CP] Embed Pods Frameworks";
			outputPaths = (
				"${TARGET_BUILD_DIR}/${FRAMEWORKS_FOLDER_PATH}/iosMath.framework",
			);
			runOnlyForDeploymentPostprocessing = 0;
			shellPath = /bin/sh;
			shellScript = "\"${SRCROOT}/Pods/Target Support Files/Pods-Charito/Pods-Charito-frameworks.sh\"\n";
			showEnvVarsInLog = 0;
		};
/* End PBXShellScriptBuildPhase section */

/* Begin PBXSourcesBuildPhase section */
		2874DE68210BFC7200CD8D25 /* Sources */ = {
			isa = PBXSourcesBuildPhase;
			buildActionMask = 2147483647;
			files = (
				28167AB0212E3B3C00EE65FE /* Topic.swift in Sources */,
				28028289212F7EE600D588D0 /* Game.swift in Sources */,
				8377E28921569317007C659E /* Charity.swift in Sources */,
				2874DE72210BFC7200CD8D25 /* ViewController.swift in Sources */,
				2804532621444E6B009E4AB7 /* Question.swift in Sources */,
				28167AAC212E366100EE65FE /* QuestionPool.swift in Sources */,
				2874DE70210BFC7200CD8D25 /* AppDelegate.swift in Sources */,
				280B28C421534D970017F1FC /* QuestionViewController.swift in Sources */,
				280453282144523B009E4AB7 /* CongratsViewController.swift in Sources */,
				602F0F57214F08E3009EB7F9 /* TopicViewController.swift in Sources */,
			);
			runOnlyForDeploymentPostprocessing = 0;
		};
		2874DE7C210BFC7200CD8D25 /* Sources */ = {
			isa = PBXSourcesBuildPhase;
			buildActionMask = 2147483647;
			files = (
				2874DE85210BFC7200CD8D25 /* CharitoTests.swift in Sources */,
			);
			runOnlyForDeploymentPostprocessing = 0;
		};
		2874DE87210BFC7200CD8D25 /* Sources */ = {
			isa = PBXSourcesBuildPhase;
			buildActionMask = 2147483647;
			files = (
				2874DE90210BFC7200CD8D25 /* CharitoUITests.swift in Sources */,
			);
			runOnlyForDeploymentPostprocessing = 0;
		};
/* End PBXSourcesBuildPhase section */

/* Begin PBXTargetDependency section */
		2874DE82210BFC7200CD8D25 /* PBXTargetDependency */ = {
			isa = PBXTargetDependency;
			target = 2874DE6B210BFC7200CD8D25 /* Charito */;
			targetProxy = 2874DE81210BFC7200CD8D25 /* PBXContainerItemProxy */;
		};
		2874DE8D210BFC7200CD8D25 /* PBXTargetDependency */ = {
			isa = PBXTargetDependency;
			target = 2874DE6B210BFC7200CD8D25 /* Charito */;
			targetProxy = 2874DE8C210BFC7200CD8D25 /* PBXContainerItemProxy */;
		};
/* End PBXTargetDependency section */

/* Begin PBXVariantGroup section */
		2874DE73210BFC7200CD8D25 /* Main.storyboard */ = {
			isa = PBXVariantGroup;
			children = (
				2874DE74210BFC7200CD8D25 /* Base */,
			);
			name = Main.storyboard;
			sourceTree = "<group>";
		};
		2874DE78210BFC7200CD8D25 /* LaunchScreen.storyboard */ = {
			isa = PBXVariantGroup;
			children = (
				2874DE79210BFC7200CD8D25 /* Base */,
			);
			name = LaunchScreen.storyboard;
			sourceTree = "<group>";
		};
/* End PBXVariantGroup section */

/* Begin XCBuildConfiguration section */
		2874DE92210BFC7200CD8D25 /* Debug */ = {
			isa = XCBuildConfiguration;
			buildSettings = {
				ALWAYS_SEARCH_USER_PATHS = NO;
				CLANG_ANALYZER_NONNULL = YES;
				CLANG_ANALYZER_NUMBER_OBJECT_CONVERSION = YES_AGGRESSIVE;
				CLANG_CXX_LANGUAGE_STANDARD = "gnu++14";
				CLANG_CXX_LIBRARY = "libc++";
				CLANG_ENABLE_MODULES = YES;
				CLANG_ENABLE_OBJC_ARC = YES;
				CLANG_WARN_BLOCK_CAPTURE_AUTORELEASING = YES;
				CLANG_WARN_BOOL_CONVERSION = YES;
				CLANG_WARN_COMMA = YES;
				CLANG_WARN_CONSTANT_CONVERSION = YES;
				CLANG_WARN_DEPRECATED_OBJC_IMPLEMENTATIONS = YES;
				CLANG_WARN_DIRECT_OBJC_ISA_USAGE = YES_ERROR;
				CLANG_WARN_DOCUMENTATION_COMMENTS = YES;
				CLANG_WARN_EMPTY_BODY = YES;
				CLANG_WARN_ENUM_CONVERSION = YES;
				CLANG_WARN_INFINITE_RECURSION = YES;
				CLANG_WARN_INT_CONVERSION = YES;
				CLANG_WARN_NON_LITERAL_NULL_CONVERSION = YES;
				CLANG_WARN_OBJC_IMPLICIT_RETAIN_SELF = YES;
				CLANG_WARN_OBJC_LITERAL_CONVERSION = YES;
				CLANG_WARN_OBJC_ROOT_CLASS = YES_ERROR;
				CLANG_WARN_RANGE_LOOP_ANALYSIS = YES;
				CLANG_WARN_STRICT_PROTOTYPES = YES;
				CLANG_WARN_SUSPICIOUS_MOVE = YES;
				CLANG_WARN_UNGUARDED_AVAILABILITY = YES_AGGRESSIVE;
				CLANG_WARN_UNREACHABLE_CODE = YES;
				CLANG_WARN__DUPLICATE_METHOD_MATCH = YES;
				CODE_SIGN_IDENTITY = "iPhone Developer";
				COPY_PHASE_STRIP = NO;
				DEBUG_INFORMATION_FORMAT = dwarf;
				ENABLE_BITCODE = YES;
				ENABLE_STRICT_OBJC_MSGSEND = YES;
				ENABLE_TESTABILITY = YES;
				GCC_C_LANGUAGE_STANDARD = gnu11;
				GCC_DYNAMIC_NO_PIC = NO;
				GCC_NO_COMMON_BLOCKS = NO;
				GCC_OPTIMIZATION_LEVEL = 0;
				GCC_PREPROCESSOR_DEFINITIONS = (
					"DEBUG=1",
					"$(inherited)",
				);
				GCC_WARN_64_TO_32_BIT_CONVERSION = YES;
				GCC_WARN_ABOUT_RETURN_TYPE = YES_ERROR;
				GCC_WARN_UNDECLARED_SELECTOR = YES;
				GCC_WARN_UNINITIALIZED_AUTOS = YES_AGGRESSIVE;
				GCC_WARN_UNUSED_FUNCTION = YES;
				GCC_WARN_UNUSED_VARIABLE = YES;
				IPHONEOS_DEPLOYMENT_TARGET = 11.2;
				MTL_ENABLE_DEBUG_INFO = YES;
				ONLY_ACTIVE_ARCH = YES;
				SDKROOT = iphoneos;
				SWIFT_ACTIVE_COMPILATION_CONDITIONS = DEBUG;
				SWIFT_OPTIMIZATION_LEVEL = "-Onone";
			};
			name = Debug;
		};
		2874DE93210BFC7200CD8D25 /* Release */ = {
			isa = XCBuildConfiguration;
			buildSettings = {
				ALWAYS_SEARCH_USER_PATHS = NO;
				CLANG_ANALYZER_NONNULL = YES;
				CLANG_ANALYZER_NUMBER_OBJECT_CONVERSION = YES_AGGRESSIVE;
				CLANG_CXX_LANGUAGE_STANDARD = "gnu++14";
				CLANG_CXX_LIBRARY = "libc++";
				CLANG_ENABLE_MODULES = YES;
				CLANG_ENABLE_OBJC_ARC = YES;
				CLANG_WARN_BLOCK_CAPTURE_AUTORELEASING = YES;
				CLANG_WARN_BOOL_CONVERSION = YES;
				CLANG_WARN_COMMA = YES;
				CLANG_WARN_CONSTANT_CONVERSION = YES;
				CLANG_WARN_DEPRECATED_OBJC_IMPLEMENTATIONS = YES;
				CLANG_WARN_DIRECT_OBJC_ISA_USAGE = YES_ERROR;
				CLANG_WARN_DOCUMENTATION_COMMENTS = YES;
				CLANG_WARN_EMPTY_BODY = YES;
				CLANG_WARN_ENUM_CONVERSION = YES;
				CLANG_WARN_INFINITE_RECURSION = YES;
				CLANG_WARN_INT_CONVERSION = YES;
				CLANG_WARN_NON_LITERAL_NULL_CONVERSION = YES;
				CLANG_WARN_OBJC_IMPLICIT_RETAIN_SELF = YES;
				CLANG_WARN_OBJC_LITERAL_CONVERSION = YES;
				CLANG_WARN_OBJC_ROOT_CLASS = YES_ERROR;
				CLANG_WARN_RANGE_LOOP_ANALYSIS = YES;
				CLANG_WARN_STRICT_PROTOTYPES = YES;
				CLANG_WARN_SUSPICIOUS_MOVE = YES;
				CLANG_WARN_UNGUARDED_AVAILABILITY = YES_AGGRESSIVE;
				CLANG_WARN_UNREACHABLE_CODE = YES;
				CLANG_WARN__DUPLICATE_METHOD_MATCH = YES;
				CODE_SIGN_IDENTITY = "iPhone Developer";
				COPY_PHASE_STRIP = NO;
				DEBUG_INFORMATION_FORMAT = "dwarf-with-dsym";
				ENABLE_BITCODE = YES;
				ENABLE_NS_ASSERTIONS = NO;
				ENABLE_STRICT_OBJC_MSGSEND = YES;
				GCC_C_LANGUAGE_STANDARD = gnu11;
				GCC_NO_COMMON_BLOCKS = NO;
				GCC_WARN_64_TO_32_BIT_CONVERSION = YES;
				GCC_WARN_ABOUT_RETURN_TYPE = YES_ERROR;
				GCC_WARN_UNDECLARED_SELECTOR = YES;
				GCC_WARN_UNINITIALIZED_AUTOS = YES_AGGRESSIVE;
				GCC_WARN_UNUSED_FUNCTION = YES;
				GCC_WARN_UNUSED_VARIABLE = YES;
				IPHONEOS_DEPLOYMENT_TARGET = 11.2;
				MTL_ENABLE_DEBUG_INFO = NO;
				SDKROOT = iphoneos;
				SWIFT_OPTIMIZATION_LEVEL = "-Owholemodule";
				VALIDATE_PRODUCT = YES;
			};
			name = Release;
		};
		2874DE95210BFC7200CD8D25 /* Debug */ = {
			isa = XCBuildConfiguration;
			baseConfigurationReference = 7F202B95B0212BD776B1C0A4 /* Pods-Charito.debug.xcconfig */;
			buildSettings = {
				ASSETCATALOG_COMPILER_APPICON_NAME = AppIcon;
				"CODE_SIGN_IDENTITY[sdk=iphoneos*]" = "iPhone Developer";
				CODE_SIGN_STYLE = Automatic;
				DEVELOPMENT_TEAM = 254QE97473;
				GCC_PRECOMPILE_PREFIX_HEADER = NO;
				INFOPLIST_FILE = Charito/Info.plist;
				IPHONEOS_DEPLOYMENT_TARGET = 10.0;
				LD_RUNPATH_SEARCH_PATHS = "$(inherited) @executable_path/Frameworks";
				PRODUCT_BUNDLE_IDENTIFIER = "Auzia.Charito-22";
				PRODUCT_NAME = "$(TARGET_NAME)";
				PROVISIONING_PROFILE_SPECIFIER = "";
				SWIFT_OBJC_BRIDGING_HEADER = "";
				SWIFT_VERSION = 4.0;
				TARGETED_DEVICE_FAMILY = "1,2";
			};
			name = Debug;
		};
		2874DE96210BFC7200CD8D25 /* Release */ = {
			isa = XCBuildConfiguration;
			baseConfigurationReference = 5F879649A256DD53867F21F9 /* Pods-Charito.release.xcconfig */;
			buildSettings = {
				ASSETCATALOG_COMPILER_APPICON_NAME = AppIcon;
				"CODE_SIGN_IDENTITY[sdk=iphoneos*]" = "iPhone Developer";
				CODE_SIGN_STYLE = Automatic;
				DEVELOPMENT_TEAM = 254QE97473;
				GCC_PRECOMPILE_PREFIX_HEADER = NO;
				INFOPLIST_FILE = Charito/Info.plist;
				IPHONEOS_DEPLOYMENT_TARGET = 10.0;
				LD_RUNPATH_SEARCH_PATHS = "$(inherited) @executable_path/Frameworks";
				PRODUCT_BUNDLE_IDENTIFIER = "Auzia.Charito-22";
				PRODUCT_NAME = "$(TARGET_NAME)";
				PROVISIONING_PROFILE_SPECIFIER = "";
				SWIFT_OBJC_BRIDGING_HEADER = "";
				SWIFT_VERSION = 4.0;
				TARGETED_DEVICE_FAMILY = "1,2";
			};
			name = Release;
		};
		2874DE98210BFC7200CD8D25 /* Debug */ = {
			isa = XCBuildConfiguration;
			buildSettings = {
				ALWAYS_EMBED_SWIFT_STANDARD_LIBRARIES = YES;
				BUNDLE_LOADER = "$(TEST_HOST)";
				CODE_SIGN_STYLE = Automatic;
				DEVELOPMENT_TEAM = B3W9NFUV5N;
				INFOPLIST_FILE = CharitoTests/Info.plist;
				LD_RUNPATH_SEARCH_PATHS = "$(inherited) @executable_path/Frameworks @loader_path/Frameworks";
				PRODUCT_BUNDLE_IDENTIFIER = Auzia.CharitoTests;
				PRODUCT_NAME = "$(TARGET_NAME)";
				SWIFT_VERSION = 4.0;
				TARGETED_DEVICE_FAMILY = "1,2";
				TEST_HOST = "$(BUILT_PRODUCTS_DIR)/Charito.app/Charito";
			};
			name = Debug;
		};
		2874DE99210BFC7200CD8D25 /* Release */ = {
			isa = XCBuildConfiguration;
			buildSettings = {
				ALWAYS_EMBED_SWIFT_STANDARD_LIBRARIES = YES;
				BUNDLE_LOADER = "$(TEST_HOST)";
				CODE_SIGN_STYLE = Automatic;
				DEVELOPMENT_TEAM = B3W9NFUV5N;
				INFOPLIST_FILE = CharitoTests/Info.plist;
				LD_RUNPATH_SEARCH_PATHS = "$(inherited) @executable_path/Frameworks @loader_path/Frameworks";
				PRODUCT_BUNDLE_IDENTIFIER = Auzia.CharitoTests;
				PRODUCT_NAME = "$(TARGET_NAME)";
				SWIFT_VERSION = 4.0;
				TARGETED_DEVICE_FAMILY = "1,2";
				TEST_HOST = "$(BUILT_PRODUCTS_DIR)/Charito.app/Charito";
			};
			name = Release;
		};
		2874DE9B210BFC7200CD8D25 /* Debug */ = {
			isa = XCBuildConfiguration;
			buildSettings = {
				ALWAYS_EMBED_SWIFT_STANDARD_LIBRARIES = YES;
				CODE_SIGN_STYLE = Automatic;
				DEVELOPMENT_TEAM = B3W9NFUV5N;
				INFOPLIST_FILE = CharitoUITests/Info.plist;
				LD_RUNPATH_SEARCH_PATHS = "$(inherited) @executable_path/Frameworks @loader_path/Frameworks";
				PRODUCT_BUNDLE_IDENTIFIER = Auzia.CharitoUITests;
				PRODUCT_NAME = "$(TARGET_NAME)";
				SWIFT_VERSION = 4.0;
				TARGETED_DEVICE_FAMILY = "1,2";
				TEST_TARGET_NAME = Charito;
			};
			name = Debug;
		};
		2874DE9C210BFC7200CD8D25 /* Release */ = {
			isa = XCBuildConfiguration;
			buildSettings = {
				ALWAYS_EMBED_SWIFT_STANDARD_LIBRARIES = YES;
				CODE_SIGN_STYLE = Automatic;
				DEVELOPMENT_TEAM = B3W9NFUV5N;
				INFOPLIST_FILE = CharitoUITests/Info.plist;
				LD_RUNPATH_SEARCH_PATHS = "$(inherited) @executable_path/Frameworks @loader_path/Frameworks";
				PRODUCT_BUNDLE_IDENTIFIER = Auzia.CharitoUITests;
				PRODUCT_NAME = "$(TARGET_NAME)";
				SWIFT_VERSION = 4.0;
				TARGETED_DEVICE_FAMILY = "1,2";
				TEST_TARGET_NAME = Charito;
			};
			name = Release;
		};
/* End XCBuildConfiguration section */

/* Begin XCConfigurationList section */
		2874DE67210BFC7200CD8D25 /* Build configuration list for PBXProject "Charito" */ = {
			isa = XCConfigurationList;
			buildConfigurations = (
				2874DE92210BFC7200CD8D25 /* Debug */,
				2874DE93210BFC7200CD8D25 /* Release */,
			);
			defaultConfigurationIsVisible = 0;
			defaultConfigurationName = Release;
		};
		2874DE94210BFC7200CD8D25 /* Build configuration list for PBXNativeTarget "Charito" */ = {
			isa = XCConfigurationList;
			buildConfigurations = (
				2874DE95210BFC7200CD8D25 /* Debug */,
				2874DE96210BFC7200CD8D25 /* Release */,
			);
			defaultConfigurationIsVisible = 0;
			defaultConfigurationName = Release;
		};
		2874DE97210BFC7200CD8D25 /* Build configuration list for PBXNativeTarget "CharitoTests" */ = {
			isa = XCConfigurationList;
			buildConfigurations = (
				2874DE98210BFC7200CD8D25 /* Debug */,
				2874DE99210BFC7200CD8D25 /* Release */,
			);
			defaultConfigurationIsVisible = 0;
			defaultConfigurationName = Release;
		};
		2874DE9A210BFC7200CD8D25 /* Build configuration list for PBXNativeTarget "CharitoUITests" */ = {
			isa = XCConfigurationList;
			buildConfigurations = (
				2874DE9B210BFC7200CD8D25 /* Debug */,
				2874DE9C210BFC7200CD8D25 /* Release */,
			);
			defaultConfigurationIsVisible = 0;
			defaultConfigurationName = Release;
		};
/* End XCConfigurationList section */
	};
	rootObject = 2874DE64210BFC7200CD8D25 /* Project object */;
}
